
Microsoft Visual Studio Solution File, Format Version 12.00
# Visual Studio Version 17
VisualStudioVersion = 17.8.34330.188
MinimumVisualStudioVersion = 10.0.40219.1
Project("{FAE04EC0-301F-11D3-BF4B-00C04F79EFBC}") = "jatekok", "jatekok\jatekok.csproj", "{1179CC19-DBEA-4FDA-84C4-45CB7A03F08F}"
EndProject
Project("{FAE04EC0-301F-11D3-BF4B-00C04F79EFBC}") = "jatekokFRM", "jatekokFRM\jatekokFRM.csproj", "{C45F970A-3536-4F6D-B680-A6E0AFA464C8}"
EndProject
Global
	GlobalSection(SolutionConfigurationPlatforms) = preSolution
		Debug|Any CPU = Debug|Any CPU
		Release|Any CPU = Release|Any CPU
	EndGlobalSection
	GlobalSection(ProjectConfigurationPlatforms) = postSolution
		{1179CC19-DBEA-4FDA-84C4-45CB7A03F08F}.Debug|Any CPU.ActiveCfg = Debug|Any CPU
		{1179CC19-DBEA-4FDA-84C4-45CB7A03F08F}.Debug|Any CPU.Build.0 = Debug|Any CPU
		{1179CC19-DBEA-4FDA-84C4-45CB7A03F08F}.Release|Any CPU.ActiveCfg = Release|Any CPU
		{1179CC19-DBEA-4FDA-84C4-45CB7A03F08F}.Release|Any CPU.Build.0 = Release|Any CPU
		{C45F970A-3536-4F6D-B680-A6E0AFA464C8}.Debug|Any CPU.ActiveCfg = Debug|Any CPU
		{C45F970A-3536-4F6D-B680-A6E0AFA464C8}.Debug|Any CPU.Build.0 = Debug|Any CPU
		{C45F970A-3536-4F6D-B680-A6E0AFA464C8}.Release|Any CPU.ActiveCfg = Release|Any CPU
		{C45F970A-3536-4F6D-B680-A6E0AFA464C8}.Release|Any CPU.Build.0 = Release|Any CPU
	EndGlobalSection
	GlobalSection(SolutionProperties) = preSolution
		HideSolutionNode = FALSE
	EndGlobalSection
	GlobalSection(ExtensibilityGlobals) = postSolution
		SolutionGuid = {7009F224-E830-4043-8520-09BED0A53B9B}
	EndGlobalSection
EndGlobal
